
Microsoft Visual Studio Solution File, Format Version 12.00
# Visual Studio Version 16
VisualStudioVersion = 16.0.31729.503
MinimumVisualStudioVersion = 10.0.40219.1
Project("{FAE04EC0-301F-11D3-BF4B-00C04F79EFBC}") = "Calc", "Calc\Calc.csproj", "{EBD7D9C6-9B0F-4275-83DF-5396F9567791}"
EndProject
Global
	GlobalSection(SolutionConfigurationPlatforms) = preSolution
		Debug|Any CPU = Debug|Any CPU
		Release|Any CPU = Release|Any CPU
	EndGlobalSection
	GlobalSection(ProjectConfigurationPlatforms) = postSolution
		{EBD7D9C6-9B0F-4275-83DF-5396F9567791}.Debug|Any CPU.ActiveCfg = Debug|Any CPU
		{EBD7D9C6-9B0F-4275-83DF-5396F9567791}.Debug|Any CPU.Build.0 = Debug|Any CPU
		{EBD7D9C6-9B0F-4275-83DF-5396F9567791}.Release|Any CPU.ActiveCfg = Release|Any CPU
		{EBD7D9C6-9B0F-4275-83DF-5396F9567791}.Release|Any CPU.Build.0 = Release|Any CPU
	EndGlobalSection
	GlobalSection(SolutionProperties) = preSolution
		HideSolutionNode = FALSE
	EndGlobalSection
	GlobalSection(ExtensibilityGlobals) = postSolution
		SolutionGuid = {3F1688B4-ADF7-4499-A219-9614EDED41B5}
	EndGlobalSection
EndGlobal
